Microsoft Visual Studio Solution File, Format Version 11.00
# Visual Studio 2008

Project("{8466C3BC-34D3-A3A8-0E86-84E60B885967}") = "DUSK", "Assembly-CSharp.csproj", "{961CACE0-C1D7-1017-C332-D973C1D9FB87}"
EndProject
Project("{8466C3BC-34D3-A3A8-0E86-84E60B885967}") = "DUSK", "Assembly-CSharp-Editor.csproj", "{5B964EA7-53C2-89E9-65F7-7154CE7BFF7D}"
EndProject
Global
	GlobalSection(SolutionConfigurationPlatforms) = preSolution
		Debug|Any CPU = Debug|Any CPU
		Release|Any CPU = Release|Any CPU
	EndGlobalSection
	GlobalSection(ProjectConfigurationPlatforms) = postSolution
		{961CACE0-C1D7-1017-C332-D973C1D9FB87}.Debug|Any CPU.ActiveCfg = Debug|Any CPU
		{961CACE0-C1D7-1017-C332-D973C1D9FB87}.Debug|Any CPU.Build.0 = Debug|Any CPU
		{961CACE0-C1D7-1017-C332-D973C1D9FB87}.Release|Any CPU.ActiveCfg = Release|Any CPU
		{961CACE0-C1D7-1017-C332-D973C1D9FB87}.Release|Any CPU.Build.0 = Release|Any CPU
		{5B964EA7-53C2-89E9-65F7-7154CE7BFF7D}.Debug|Any CPU.ActiveCfg = Debug|Any CPU
		{5B964EA7-53C2-89E9-65F7-7154CE7BFF7D}.Debug|Any CPU.Build.0 = Debug|Any CPU
		{5B964EA7-53C2-89E9-65F7-7154CE7BFF7D}.Release|Any CPU.ActiveCfg = Release|Any CPU
		{5B964EA7-53C2-89E9-65F7-7154CE7BFF7D}.Release|Any CPU.Build.0 = Release|Any CPU
	EndGlobalSection
	GlobalSection(SolutionProperties) = preSolution
		HideSolutionNode = FALSE
	EndGlobalSection
	GlobalSection(MonoDevelopProperties) = preSolution
		StartupItem = Assembly-CSharp.csproj
	EndGlobalSection
EndGlobal
