Microsoft Visual Studio Solution File, Format Version 11.00
# Visual Studio 2008

Project("{6F8F5771-5090-DA26-3245-3988D9A1501B}") = "m", "Assembly-CSharp.csproj", "{3D212ABC-D8CE-F1D3-9764-C9E1D6E77A0B}"
EndProject
Global
	GlobalSection(SolutionConfigurationPlatforms) = preSolution
		Debug|Any CPU = Debug|Any CPU
		Release|Any CPU = Release|Any CPU
	EndGlobalSection
	GlobalSection(ProjectConfigurationPlatforms) = postSolution
		{3D212ABC-D8CE-F1D3-9764-C9E1D6E77A0B}.Debug|Any CPU.ActiveCfg = Debug|Any CPU
		{3D212ABC-D8CE-F1D3-9764-C9E1D6E77A0B}.Debug|Any CPU.Build.0 = Debug|Any CPU
		{3D212ABC-D8CE-F1D3-9764-C9E1D6E77A0B}.Release|Any CPU.ActiveCfg = Release|Any CPU
		{3D212ABC-D8CE-F1D3-9764-C9E1D6E77A0B}.Release|Any CPU.Build.0 = Release|Any CPU
	EndGlobalSection
	GlobalSection(SolutionProperties) = preSolution
		HideSolutionNode = FALSE
	EndGlobalSection
	GlobalSection(MonoDevelopProperties) = preSolution
		StartupItem = Assembly-CSharp.csproj
	EndGlobalSection
EndGlobal
